// !$*UTF8*$!
{
	archiveVersion = 1;
	classes = {
	};
	objectVersion = 50;
	objects = {

/* Begin PBXBuildFile section */
		641FF6BA22A6A490008EC068 /* Status.swift in Sources */ = {isa = PBXBuildFile; fileRef = 641FF6B922A6A490008EC068 /* Status.swift */; };
		641FF6BC22A6A564008EC068 /* Gender.swift in Sources */ = {isa = PBXBuildFile; fileRef = 641FF6BB22A6A564008EC068 /* Gender.swift */; };
		641FF6BF22A6A616008EC068 /* StatusTransformer.swift in Sources */ = {isa = PBXBuildFile; fileRef = 641FF6BE22A6A616008EC068 /* StatusTransformer.swift */; };
		641FF6C122A6A748008EC068 /* GenderTransformer.swift in Sources */ = {isa = PBXBuildFile; fileRef = 641FF6C022A6A748008EC068 /* GenderTransformer.swift */; };
		641FF6C422A6A834008EC068 /* Additional.swift in Sources */ = {isa = PBXBuildFile; fileRef = 641FF6C322A6A834008EC068 /* Additional.swift */; };
		641FF6C622A6A990008EC068 /* Character.swift in Sources */ = {isa = PBXBuildFile; fileRef = 641FF6C522A6A990008EC068 /* Character.swift */; };
		641FF6C922A6ABBA008EC068 /* CoreDataManager.swift in Sources */ = {isa = PBXBuildFile; fileRef = 641FF6C822A6ABBA008EC068 /* CoreDataManager.swift */; };
		641FF6CC22A6B549008EC068 /* RickAndMortyEndpoint.swift in Sources */ = {isa = PBXBuildFile; fileRef = 641FF6CB22A6B549008EC068 /* RickAndMortyEndpoint.swift */; };
		641FF6CE22A6B573008EC068 /* NetworkConfig.swift in Sources */ = {isa = PBXBuildFile; fileRef = 641FF6CD22A6B573008EC068 /* NetworkConfig.swift */; };
		641FF6D122A6B5B5008EC068 /* CharacterService.swift in Sources */ = {isa = PBXBuildFile; fileRef = 641FF6D022A6B5B5008EC068 /* CharacterService.swift */; };
		641FF6D422A6B60E008EC068 /* Codeable+DateFormatter.swift in Sources */ = {isa = PBXBuildFile; fileRef = 641FF6D322A6B60E008EC068 /* Codeable+DateFormatter.swift */; };
		641FF6D722A7BFA0008EC068 /* ResponseObject.swift in Sources */ = {isa = PBXBuildFile; fileRef = 641FF6D622A7BFA0008EC068 /* ResponseObject.swift */; };
		641FF6D922A7BFB4008EC068 /* ResponseResultType.swift in Sources */ = {isa = PBXBuildFile; fileRef = 641FF6D822A7BFB4008EC068 /* ResponseResultType.swift */; };
		641FF6DB22A7C138008EC068 /* PrimitiveSequence+BaseObservable.swift in Sources */ = {isa = PBXBuildFile; fileRef = 641FF6DA22A7C138008EC068 /* PrimitiveSequence+BaseObservable.swift */; };
		641FF6DD22A7C418008EC068 /* UIAlertController+Messages.swift in Sources */ = {isa = PBXBuildFile; fileRef = 641FF6DC22A7C418008EC068 /* UIAlertController+Messages.swift */; };
		641FF6DF22A7E892008EC068 /* NSManaged+Helpers.swift in Sources */ = {isa = PBXBuildFile; fileRef = 641FF6DE22A7E892008EC068 /* NSManaged+Helpers.swift */; };
		641FF6E222A7E9B5008EC068 /* NSManagedCodable.swift in Sources */ = {isa = PBXBuildFile; fileRef = 641FF6E122A7E9B5008EC068 /* NSManagedCodable.swift */; };
		641FF6E622A7FB1B008EC068 /* BaseService.swift in Sources */ = {isa = PBXBuildFile; fileRef = 641FF6E522A7FB1B008EC068 /* BaseService.swift */; };
		641FF6E822A80587008EC068 /* DecodableMappingModel.swift in Sources */ = {isa = PBXBuildFile; fileRef = 641FF6E722A80587008EC068 /* DecodableMappingModel.swift */; };
		6471B6BD22A903CD00ABED7A /* CharacterTableViewCell.swift in Sources */ = {isa = PBXBuildFile; fileRef = 6471B6BB22A903CD00ABED7A /* CharacterTableViewCell.swift */; };
		6471B6BE22A903CD00ABED7A /* CharacterTableViewCell.xib in Resources */ = {isa = PBXBuildFile; fileRef = 6471B6BC22A903CD00ABED7A /* CharacterTableViewCell.xib */; };
		64B796E522A6A0D5001F8BA8 /* AppDelegate.swift in Sources */ = {isa = PBXBuildFile; fileRef = 64B796E422A6A0D5001F8BA8 /* AppDelegate.swift */; };
		64B796E722A6A0D5001F8BA8 /* ViewController.swift in Sources */ = {isa = PBXBuildFile; fileRef = 64B796E622A6A0D5001F8BA8 /* ViewController.swift */; };
		64B796EA22A6A0D5001F8BA8 /* Main.storyboard in Resources */ = {isa = PBXBuildFile; fileRef = 64B796E822A6A0D5001F8BA8 /* Main.storyboard */; };
		64B796ED22A6A0D5001F8BA8 /* CoreDataPersistence.xcdatamodeld in Sources */ = {isa = PBXBuildFile; fileRef = 64B796EB22A6A0D5001F8BA8 /* CoreDataPersistence.xcdatamodeld */; };
		64B796EF22A6A0D6001F8BA8 /* Assets.xcassets in Resources */ = {isa = PBXBuildFile; fileRef = 64B796EE22A6A0D6001F8BA8 /* Assets.xcassets */; };
		64B796F222A6A0D6001F8BA8 /* LaunchScreen.storyboard in Resources */ = {isa = PBXBuildFile; fileRef = 64B796F022A6A0D6001F8BA8 /* LaunchScreen.storyboard */; };
		78774C7EE105AC38F03C71E0 /* Pods_CoreDataPersistence.framework in Frameworks */ = {isa = PBXBuildFile; fileRef = 887D9591CCEADB7239DB9A5C /* Pods_CoreDataPersistence.framework */; };
/* End PBXBuildFile section */

/* Begin PBXFileReference section */
		3507BAA669B5D32D8E60DCCE /* Pods-CoreDataPersistence.release.xcconfig */ = {isa = PBXFileReference; includeInIndex = 1; lastKnownFileType = text.xcconfig; name = "Pods-CoreDataPersistence.release.xcconfig"; path = "Target Support Files/Pods-CoreDataPersistence/Pods-CoreDataPersistence.release.xcconfig"; sourceTree = "<group>"; };
		641FF6B922A6A490008EC068 /* Status.swift */ = {isa = PBXFileReference; lastKnownFileType = sourcecode.swift; path = Status.swift; sourceTree = "<group>"; };
		641FF6BB22A6A564008EC068 /* Gender.swift */ = {isa = PBXFileReference; lastKnownFileType = sourcecode.swift; path = Gender.swift; sourceTree = "<group>"; };
		641FF6BE22A6A616008EC068 /* StatusTransformer.swift */ = {isa = PBXFileReference; lastKnownFileType = sourcecode.swift; path = StatusTransformer.swift; sourceTree = "<group>"; };
		641FF6C022A6A748008EC068 /* GenderTransformer.swift */ = {isa = PBXFileReference; lastKnownFileType = sourcecode.swift; path = GenderTransformer.swift; sourceTree = "<group>"; };
		641FF6C322A6A834008EC068 /* Additional.swift */ = {isa = PBXFileReference; lastKnownFileType = sourcecode.swift; path = Additional.swift; sourceTree = "<group>"; };
		641FF6C522A6A990008EC068 /* Character.swift */ = {isa = PBXFileReference; lastKnownFileType = sourcecode.swift; path = Character.swift; sourceTree = "<group>"; };
		641FF6C822A6ABBA008EC068 /* CoreDataManager.swift */ = {isa = PBXFileReference; lastKnownFileType = sourcecode.swift; path = CoreDataManager.swift; sourceTree = "<group>"; };
		641FF6CB22A6B549008EC068 /* RickAndMortyEndpoint.swift */ = {isa = PBXFileReference; lastKnownFileType = sourcecode.swift; path = RickAndMortyEndpoint.swift; sourceTree = "<group>"; };
		641FF6CD22A6B573008EC068 /* NetworkConfig.swift */ = {isa = PBXFileReference; lastKnownFileType = sourcecode.swift; path = NetworkConfig.swift; sourceTree = "<group>"; };
		641FF6D022A6B5B5008EC068 /* CharacterService.swift */ = {isa = PBXFileReference; lastKnownFileType = sourcecode.swift; path = CharacterService.swift; sourceTree = "<group>"; };
		641FF6D322A6B60E008EC068 /* Codeable+DateFormatter.swift */ = {isa = PBXFileReference; lastKnownFileType = sourcecode.swift; path = "Codeable+DateFormatter.swift"; sourceTree = "<group>"; };
		641FF6D622A7BFA0008EC068 /* ResponseObject.swift */ = {isa = PBXFileReference; lastKnownFileType = sourcecode.swift; path = ResponseObject.swift; sourceTree = "<group>"; };
		641FF6D822A7BFB4008EC068 /* ResponseResultType.swift */ = {isa = PBXFileReference; lastKnownFileType = sourcecode.swift; path = ResponseResultType.swift; sourceTree = "<group>"; };
		641FF6DA22A7C138008EC068 /* PrimitiveSequence+BaseObservable.swift */ = {isa = PBXFileReference; lastKnownFileType = sourcecode.swift; path = "PrimitiveSequence+BaseObservable.swift"; sourceTree = "<group>"; };
		641FF6DC22A7C418008EC068 /* UIAlertController+Messages.swift */ = {isa = PBXFileReference; lastKnownFileType = sourcecode.swift; path = "UIAlertController+Messages.swift"; sourceTree = "<group>"; };
		641FF6DE22A7E892008EC068 /* NSManaged+Helpers.swift */ = {isa = PBXFileReference; lastKnownFileType = sourcecode.swift; path = "NSManaged+Helpers.swift"; sourceTree = "<group>"; };
		641FF6E122A7E9B5008EC068 /* NSManagedCodable.swift */ = {isa = PBXFileReference; lastKnownFileType = sourcecode.swift; path = NSManagedCodable.swift; sourceTree = "<group>"; };
		641FF6E522A7FB1B008EC068 /* BaseService.swift */ = {isa = PBXFileReference; lastKnownFileType = sourcecode.swift; path = BaseService.swift; sourceTree = "<group>"; };
		641FF6E722A80587008EC068 /* DecodableMappingModel.swift */ = {isa = PBXFileReference; lastKnownFileType = sourcecode.swift; path = DecodableMappingModel.swift; sourceTree = "<group>"; };
		6471B6BB22A903CD00ABED7A /* CharacterTableViewCell.swift */ = {isa = PBXFileReference; lastKnownFileType = sourcecode.swift; path = CharacterTableViewCell.swift; sourceTree = "<group>"; };
		6471B6BC22A903CD00ABED7A /* CharacterTableViewCell.xib */ = {isa = PBXFileReference; lastKnownFileType = file.xib; path = CharacterTableViewCell.xib; sourceTree = "<group>"; };
		64B796E122A6A0D5001F8BA8 /* CoreDataPersistence.app */ = {isa = PBXFileReference; explicitFileType = wrapper.application; includeInIndex = 0; path = CoreDataPersistence.app; sourceTree = BUILT_PRODUCTS_DIR; };
		64B796E422A6A0D5001F8BA8 /* AppDelegate.swift */ = {isa = PBXFileReference; lastKnownFileType = sourcecode.swift; path = AppDelegate.swift; sourceTree = "<group>"; };
		64B796E622A6A0D5001F8BA8 /* ViewController.swift */ = {isa = PBXFileReference; lastKnownFileType = sourcecode.swift; path = ViewController.swift; sourceTree = "<group>"; };
		64B796E922A6A0D5001F8BA8 /* Base */ = {isa = PBXFileReference; lastKnownFileType = file.storyboard; name = Base; path = Base.lproj/Main.storyboard; sourceTree = "<group>"; };
		64B796EC22A6A0D5001F8BA8 /* CoreDataPersistence.xcdatamodel */ = {isa = PBXFileReference; lastKnownFileType = wrapper.xcdatamodel; path = CoreDataPersistence.xcdatamodel; sourceTree = "<group>"; };
		64B796EE22A6A0D6001F8BA8 /* Assets.xcassets */ = {isa = PBXFileReference; lastKnownFileType = folder.assetcatalog; path = Assets.xcassets; sourceTree = "<group>"; };
		64B796F122A6A0D6001F8BA8 /* Base */ = {isa = PBXFileReference; lastKnownFileType = file.storyboard; name = Base; path = Base.lproj/LaunchScreen.storyboard; sourceTree = "<group>"; };
		64B796F322A6A0D6001F8BA8 /* Info.plist */ = {isa = PBXFileReference; lastKnownFileType = text.plist.xml; path = Info.plist; sourceTree = "<group>"; };
		887D9591CCEADB7239DB9A5C /* Pods_CoreDataPersistence.framework */ = {isa = PBXFileReference; explicitFileType = wrapper.framework; includeInIndex = 0; path = Pods_CoreDataPersistence.framework; sourceTree = BUILT_PRODUCTS_DIR; };
		8F0E47FC87897E1ECDC636E3 /* Pods-CoreDataPersistence.debug.xcconfig */ = {isa = PBXFileReference; includeInIndex = 1; lastKnownFileType = text.xcconfig; name = "Pods-CoreDataPersistence.debug.xcconfig"; path = "Target Support Files/Pods-CoreDataPersistence/Pods-CoreDataPersistence.debug.xcconfig"; sourceTree = "<group>"; };
/* End PBXFileReference section */

/* Begin PBXFrameworksBuildPhase section */
		64B796DE22A6A0D5001F8BA8 /* Frameworks */ = {
			isa = PBXFrameworksBuildPhase;
			buildActionMask = 2147483647;
			files = (
				78774C7EE105AC38F03C71E0 /* Pods_CoreDataPersistence.framework in Frameworks */,
			);
			runOnlyForDeploymentPostprocessing = 0;
		};
/* End PBXFrameworksBuildPhase section */

/* Begin PBXGroup section */
		62A9904393E0C024C2177A84 /* Pods */ = {
			isa = PBXGroup;
			children = (
				8F0E47FC87897E1ECDC636E3 /* Pods-CoreDataPersistence.debug.xcconfig */,
				3507BAA669B5D32D8E60DCCE /* Pods-CoreDataPersistence.release.xcconfig */,
			);
			path = Pods;
			sourceTree = "<group>";
		};
		641FF6B822A6A484008EC068 /* Enum */ = {
			isa = PBXGroup;
			children = (
				641FF6B922A6A490008EC068 /* Status.swift */,
				641FF6BB22A6A564008EC068 /* Gender.swift */,
			);
			path = Enum;
			sourceTree = "<group>";
		};
		641FF6BD22A6A601008EC068 /* Transformer */ = {
			isa = PBXGroup;
			children = (
				641FF6BE22A6A616008EC068 /* StatusTransformer.swift */,
				641FF6C022A6A748008EC068 /* GenderTransformer.swift */,
			);
			path = Transformer;
			sourceTree = "<group>";
		};
		641FF6C222A6A7B9008EC068 /* Model */ = {
			isa = PBXGroup;
			children = (
				641FF6D522A7BF87008EC068 /* Response */,
				641FF6C322A6A834008EC068 /* Additional.swift */,
				641FF6C522A6A990008EC068 /* Character.swift */,
				641FF6CD22A6B573008EC068 /* NetworkConfig.swift */,
			);
			path = Model;
			sourceTree = "<group>";
		};
		641FF6C722A6AB83008EC068 /* Manager */ = {
			isa = PBXGroup;
			children = (
				641FF6C822A6ABBA008EC068 /* CoreDataManager.swift */,
			);
			path = Manager;
			sourceTree = "<group>";
		};
		641FF6CA22A6B539008EC068 /* Endpoint */ = {
			isa = PBXGroup;
			children = (
				641FF6CB22A6B549008EC068 /* RickAndMortyEndpoint.swift */,
			);
			path = Endpoint;
			sourceTree = "<group>";
		};
		641FF6CF22A6B5A4008EC068 /* Service */ = {
			isa = PBXGroup;
			children = (
				641FF6D022A6B5B5008EC068 /* CharacterService.swift */,
				641FF6E522A7FB1B008EC068 /* BaseService.swift */,
			);
			path = Service;
			sourceTree = "<group>";
		};
		641FF6D222A6B5F5008EC068 /* Extension */ = {
			isa = PBXGroup;
			children = (
				641FF6D322A6B60E008EC068 /* Codeable+DateFormatter.swift */,
				641FF6DA22A7C138008EC068 /* PrimitiveSequence+BaseObservable.swift */,
				641FF6DC22A7C418008EC068 /* UIAlertController+Messages.swift */,
				641FF6DE22A7E892008EC068 /* NSManaged+Helpers.swift */,
			);
			path = Extension;
			sourceTree = "<group>";
		};
		641FF6D522A7BF87008EC068 /* Response */ = {
			isa = PBXGroup;
			children = (
				641FF6D622A7BFA0008EC068 /* ResponseObject.swift */,
				641FF6D822A7BFB4008EC068 /* ResponseResultType.swift */,
				641FF6E722A80587008EC068 /* DecodableMappingModel.swift */,
			);
			path = Response;
			sourceTree = "<group>";
		};
		641FF6E022A7E9A8008EC068 /* Protocol */ = {
			isa = PBXGroup;
			children = (
				641FF6E122A7E9B5008EC068 /* NSManagedCodable.swift */,
			);
			path = Protocol;
			sourceTree = "<group>";
		};
		6471B6BA22A903B500ABED7A /* UI */ = {
			isa = PBXGroup;
			children = (
				6471B6BB22A903CD00ABED7A /* CharacterTableViewCell.swift */,
				6471B6BC22A903CD00ABED7A /* CharacterTableViewCell.xib */,
			);
			path = UI;
			sourceTree = "<group>";
		};
		64B796D822A6A0D5001F8BA8 = {
			isa = PBXGroup;
			children = (
				64B796E322A6A0D5001F8BA8 /* CoreDataPersistence */,
				64B796E222A6A0D5001F8BA8 /* Products */,
				62A9904393E0C024C2177A84 /* Pods */,
				C1F6047049D6D26E025247DB /* Frameworks */,
			);
			sourceTree = "<group>";
		};
		64B796E222A6A0D5001F8BA8 /* Products */ = {
			isa = PBXGroup;
			children = (
				64B796E122A6A0D5001F8BA8 /* CoreDataPersistence.app */,
			);
			name = Products;
			sourceTree = "<group>";
		};
		64B796E322A6A0D5001F8BA8 /* CoreDataPersistence */ = {
			isa = PBXGroup;
			children = (
				6471B6BA22A903B500ABED7A /* UI */,
				641FF6E022A7E9A8008EC068 /* Protocol */,
				641FF6D222A6B5F5008EC068 /* Extension */,
				641FF6CF22A6B5A4008EC068 /* Service */,
				641FF6CA22A6B539008EC068 /* Endpoint */,
				641FF6C722A6AB83008EC068 /* Manager */,
				641FF6C222A6A7B9008EC068 /* Model */,
				641FF6BD22A6A601008EC068 /* Transformer */,
				641FF6B822A6A484008EC068 /* Enum */,
				64B796E422A6A0D5001F8BA8 /* AppDelegate.swift */,
				64B796E622A6A0D5001F8BA8 /* ViewController.swift */,
				64B796E822A6A0D5001F8BA8 /* Main.storyboard */,
				64B796EE22A6A0D6001F8BA8 /* Assets.xcassets */,
				64B796F022A6A0D6001F8BA8 /* LaunchScreen.storyboard */,
				64B796F322A6A0D6001F8BA8 /* Info.plist */,
				64B796EB22A6A0D5001F8BA8 /* CoreDataPersistence.xcdatamodeld */,
			);
			path = CoreDataPersistence;
			sourceTree = "<group>";
		};
		C1F6047049D6D26E025247DB /* Frameworks */ = {
			isa = PBXGroup;
			children = (
				887D9591CCEADB7239DB9A5C /* Pods_CoreDataPersistence.framework */,
			);
			name = Frameworks;
			sourceTree = "<group>";
		};
/* End PBXGroup section */

/* Begin PBXNativeTarget section */
		64B796E022A6A0D5001F8BA8 /* CoreDataPersistence */ = {
			isa = PBXNativeTarget;
			buildConfigurationList = 64B796F622A6A0D6001F8BA8 /* Build configuration list for PBXNativeTarget "CoreDataPersistence" */;
			buildPhases = (
				83333B89090D9F248E36F029 /* [CP] Check Pods Manifest.lock */,
				64B796DD22A6A0D5001F8BA8 /* Sources */,
				64B796DE22A6A0D5001F8BA8 /* Frameworks */,
				64B796DF22A6A0D5001F8BA8 /* Resources */,
				AB951271B1EF61378DC4638B /* [CP] Embed Pods Frameworks */,
			);
			buildRules = (
			);
			dependencies = (
			);
			name = CoreDataPersistence;
			productName = CoreDataPersistence;
			productReference = 64B796E122A6A0D5001F8BA8 /* CoreDataPersistence.app */;
			productType = "com.apple.product-type.application";
		};
/* End PBXNativeTarget section */

/* Begin PBXProject section */
		64B796D922A6A0D5001F8BA8 /* Project object */ = {
			isa = PBXProject;
			attributes = {
				LastSwiftUpdateCheck = 1020;
				LastUpgradeCheck = 1020;
				ORGANIZATIONNAME = "Degree 53 Limited";
				TargetAttributes = {
					64B796E022A6A0D5001F8BA8 = {
						CreatedOnToolsVersion = 10.2.1;
					};
				};
			};
			buildConfigurationList = 64B796DC22A6A0D5001F8BA8 /* Build configuration list for PBXProject "CoreDataPersistence" */;
			compatibilityVersion = "Xcode 9.3";
			developmentRegion = en;
			hasScannedForEncodings = 0;
			knownRegions = (
				en,
				Base,
			);
			mainGroup = 64B796D822A6A0D5001F8BA8;
			productRefGroup = 64B796E222A6A0D5001F8BA8 /* Products */;
			projectDirPath = "";
			projectRoot = "";
			targets = (
				64B796E022A6A0D5001F8BA8 /* CoreDataPersistence */,
			);
		};
/* End PBXProject section */

/* Begin PBXResourcesBuildPhase section */
		64B796DF22A6A0D5001F8BA8 /* Resources */ = {
			isa = PBXResourcesBuildPhase;
			buildActionMask = 2147483647;
			files = (
				64B796F222A6A0D6001F8BA8 /* LaunchScreen.storyboard in Resources */,
				64B796EF22A6A0D6001F8BA8 /* Assets.xcassets in Resources */,
				64B796EA22A6A0D5001F8BA8 /* Main.storyboard in Resources */,
				6471B6BE22A903CD00ABED7A /* CharacterTableViewCell.xib in Resources */,
			);
			runOnlyForDeploymentPostprocessing = 0;
		};
/* End PBXResourcesBuildPhase section */

/* Begin PBXShellScriptBuildPhase section */
		83333B89090D9F248E36F029 /* [CP] Check Pods Manifest.lock */ = {
			isa = PBXShellScriptBuildPhase;
			buildActionMask = 2147483647;
			files = (
			);
			inputFileListPaths = (
			);
			inputPaths = (
				"${PODS_PODFILE_DIR_PATH}/Podfile.lock",
				"${PODS_ROOT}/Manifest.lock",
			);
			name = "[CP] Check Pods Manifest.lock";
			outputFileListPaths = (
			);
			outputPaths = (
				"$(DERIVED_FILE_DIR)/Pods-CoreDataPersistence-checkManifestLockResult.txt",
			);
			runOnlyForDeploymentPostprocessing = 0;
			shellPath = /bin/sh;
			shellScript = "diff \"${PODS_PODFILE_DIR_PATH}/Podfile.lock\" \"${PODS_ROOT}/Manifest.lock\" > /dev/null\nif [ $? != 0 ] ; then\n    # print error to STDERR\n    echo \"error: The sandbox is not in sync with the Podfile.lock. Run 'pod install' or update your CocoaPods installation.\" >&2\n    exit 1\nfi\n# This output is used by Xcode 'outputs' to avoid re-running this script phase.\necho \"SUCCESS\" > \"${SCRIPT_OUTPUT_FILE_0}\"\n";
			showEnvVarsInLog = 0;
		};
		AB951271B1EF61378DC4638B /* [CP] Embed Pods Frameworks */ = {
			isa = PBXShellScriptBuildPhase;
			buildActionMask = 2147483647;
			files = (
			);
			inputFileListPaths = (
			);
			inputPaths = (
				"${PODS_ROOT}/Target Support Files/Pods-CoreDataPersistence/Pods-CoreDataPersistence-frameworks.sh",
				"${BUILT_PRODUCTS_DIR}/Alamofire/Alamofire.framework",
				"${BUILT_PRODUCTS_DIR}/Kingfisher/Kingfisher.framework",
				"${BUILT_PRODUCTS_DIR}/Moya/Moya.framework",
				"${BUILT_PRODUCTS_DIR}/Result/Result.framework",
				"${BUILT_PRODUCTS_DIR}/RxCocoa/RxCocoa.framework",
				"${BUILT_PRODUCTS_DIR}/RxOptional/RxOptional.framework",
				"${BUILT_PRODUCTS_DIR}/RxSwift/RxSwift.framework",
			);
			name = "[CP] Embed Pods Frameworks";
			outputFileListPaths = (
			);
			outputPaths = (
				"${TARGET_BUILD_DIR}/${FRAMEWORKS_FOLDER_PATH}/Alamofire.framework",
				"${TARGET_BUILD_DIR}/${FRAMEWORKS_FOLDER_PATH}/Kingfisher.framework",
				"${TARGET_BUILD_DIR}/${FRAMEWORKS_FOLDER_PATH}/Moya.framework",
				"${TARGET_BUILD_DIR}/${FRAMEWORKS_FOLDER_PATH}/Result.framework",
				"${TARGET_BUILD_DIR}/${FRAMEWORKS_FOLDER_PATH}/RxCocoa.framework",
				"${TARGET_BUILD_DIR}/${FRAMEWORKS_FOLDER_PATH}/RxOptional.framework",
				"${TARGET_BUILD_DIR}/${FRAMEWORKS_FOLDER_PATH}/RxSwift.framework",
			);
			runOnlyForDeploymentPostprocessing = 0;
			shellPath = /bin/sh;
			shellScript = "\"${PODS_ROOT}/Target Support Files/Pods-CoreDataPersistence/Pods-CoreDataPersistence-frameworks.sh\"\n";
			showEnvVarsInLog = 0;
		};
/* End PBXShellScriptBuildPhase section */

/* Begin PBXSourcesBuildPhase section */
		64B796DD22A6A0D5001F8BA8 /* Sources */ = {
			isa = PBXSourcesBuildPhase;
			buildActionMask = 2147483647;
			files = (
				641FF6E822A80587008EC068 /* DecodableMappingModel.swift in Sources */,
				641FF6C622A6A990008EC068 /* Character.swift in Sources */,
				641FF6D722A7BFA0008EC068 /* ResponseObject.swift in Sources */,
				641FF6CC22A6B549008EC068 /* RickAndMortyEndpoint.swift in Sources */,
				6471B6BD22A903CD00ABED7A /* CharacterTableViewCell.swift in Sources */,
				641FF6D922A7BFB4008EC068 /* ResponseResultType.swift in Sources */,
				641FF6CE22A6B573008EC068 /* NetworkConfig.swift in Sources */,
				64B796ED22A6A0D5001F8BA8 /* CoreDataPersistence.xcdatamodeld in Sources */,
				641FF6BC22A6A564008EC068 /* Gender.swift in Sources */,
				64B796E722A6A0D5001F8BA8 /* ViewController.swift in Sources */,
				641FF6DB22A7C138008EC068 /* PrimitiveSequence+BaseObservable.swift in Sources */,
				641FF6BF22A6A616008EC068 /* StatusTransformer.swift in Sources */,
				641FF6C422A6A834008EC068 /* Additional.swift in Sources */,
				641FF6E622A7FB1B008EC068 /* BaseService.swift in Sources */,
				641FF6DF22A7E892008EC068 /* NSManaged+Helpers.swift in Sources */,
				641FF6BA22A6A490008EC068 /* Status.swift in Sources */,
				641FF6C122A6A748008EC068 /* GenderTransformer.swift in Sources */,
				641FF6C922A6ABBA008EC068 /* CoreDataManager.swift in Sources */,
				641FF6DD22A7C418008EC068 /* UIAlertController+Messages.swift in Sources */,
				641FF6D422A6B60E008EC068 /* Codeable+DateFormatter.swift in Sources */,
				641FF6E222A7E9B5008EC068 /* NSManagedCodable.swift in Sources */,
				641FF6D122A6B5B5008EC068 /* CharacterService.swift in Sources */,
				64B796E522A6A0D5001F8BA8 /* AppDelegate.swift in Sources */,
			);
			runOnlyForDeploymentPostprocessing = 0;
		};
/* End PBXSourcesBuildPhase section */

/* Begin PBXVariantGroup section */
		64B796E822A6A0D5001F8BA8 /* Main.storyboard */ = {
			isa = PBXVariantGroup;
			children = (
				64B796E922A6A0D5001F8BA8 /* Base */,
			);
			name = Main.storyboard;
			sourceTree = "<group>";
		};
		64B796F022A6A0D6001F8BA8 /* LaunchScreen.storyboard */ = {
			isa = PBXVariantGroup;
			children = (
				64B796F122A6A0D6001F8BA8 /* Base */,
			);
			name = LaunchScreen.storyboard;
			sourceTree = "<group>";
		};
/* End PBXVariantGroup section */

/* Begin XCBuildConfiguration section */
		64B796F422A6A0D6001F8BA8 /* Debug */ = {
			isa = XCBuildConfiguration;
			buildSettings = {
				ALWAYS_SEARCH_USER_PATHS = NO;
				CLANG_ANALYZER_NONNULL = YES;
				CLANG_ANALYZER_NUMBER_OBJECT_CONVERSION = YES_AGGRESSIVE;
				CLANG_CXX_LANGUAGE_STANDARD = "gnu++14";
				CLANG_CXX_LIBRARY = "libc++";
				CLANG_ENABLE_MODULES = YES;
				CLANG_ENABLE_OBJC_ARC = YES;
				CLANG_ENABLE_OBJC_WEAK = YES;
				CLANG_WARN_BLOCK_CAPTURE_AUTORELEASING = YES;
				CLANG_WARN_BOOL_CONVERSION = YES;
				CLANG_WARN_COMMA = YES;
				CLANG_WARN_CONSTANT_CONVERSION = YES;
				CLANG_WARN_DEPRECATED_OBJC_IMPLEMENTATIONS = YES;
				CLANG_WARN_DIRECT_OBJC_ISA_USAGE = YES_ERROR;
				CLANG_WARN_DOCUMENTATION_COMMENTS = YES;
				CLANG_WARN_EMPTY_BODY = YES;
				CLANG_WARN_ENUM_CONVERSION = YES;
				CLANG_WARN_INFINITE_RECURSION = YES;
				CLANG_WARN_INT_CONVERSION = YES;
				CLANG_WARN_NON_LITERAL_NULL_CONVERSION = YES;
				CLANG_WARN_OBJC_IMPLICIT_RETAIN_SELF = YES;
				CLANG_WARN_OBJC_LITERAL_CONVERSION = YES;
				CLANG_WARN_OBJC_ROOT_CLASS = YES_ERROR;
				CLANG_WARN_RANGE_LOOP_ANALYSIS = YES;
				CLANG_WARN_STRICT_PROTOTYPES = YES;
				CLANG_WARN_SUSPICIOUS_MOVE = YES;
				CLANG_WARN_UNGUARDED_AVAILABILITY = YES_AGGRESSIVE;
				CLANG_WARN_UNREACHABLE_CODE = YES;
				CLANG_WARN__DUPLICATE_METHOD_MATCH = YES;
				CODE_SIGN_IDENTITY = "iPhone Developer";
				COPY_PHASE_STRIP = NO;
				DEBUG_INFORMATION_FORMAT = dwarf;
				ENABLE_STRICT_OBJC_MSGSEND = YES;
				ENABLE_TESTABILITY = YES;
				GCC_C_LANGUAGE_STANDARD = gnu11;
				GCC_DYNAMIC_NO_PIC = NO;
				GCC_NO_COMMON_BLOCKS = YES;
				GCC_OPTIMIZATION_LEVEL = 0;
				GCC_PREPROCESSOR_DEFINITIONS = (
					"DEBUG=1",
					"$(inherited)",
				);
				GCC_WARN_64_TO_32_BIT_CONVERSION = YES;
				GCC_WARN_ABOUT_RETURN_TYPE = YES_ERROR;
				GCC_WARN_UNDECLARED_SELECTOR = YES;
				GCC_WARN_UNINITIALIZED_AUTOS = YES_AGGRESSIVE;
				GCC_WARN_UNUSED_FUNCTION = YES;
				GCC_WARN_UNUSED_VARIABLE = YES;
				IPHONEOS_DEPLOYMENT_TARGET = 10.0;
				MTL_ENABLE_DEBUG_INFO = INCLUDE_SOURCE;
				MTL_FAST_MATH = YES;
				ONLY_ACTIVE_ARCH = YES;
				SDKROOT = iphoneos;
				SWIFT_ACTIVE_COMPILATION_CONDITIONS = DEBUG;
				SWIFT_OPTIMIZATION_LEVEL = "-Onone";
			};
			name = Debug;
		};
		64B796F522A6A0D6001F8BA8 /* Release */ = {
			isa = XCBuildConfiguration;
			buildSettings = {
				ALWAYS_SEARCH_USER_PATHS = NO;
				CLANG_ANALYZER_NONNULL = YES;
				CLANG_ANALYZER_NUMBER_OBJECT_CONVERSION = YES_AGGRESSIVE;
				CLANG_CXX_LANGUAGE_STANDARD = "gnu++14";
				CLANG_CXX_LIBRARY = "libc++";
				CLANG_ENABLE_MODULES = YES;
				CLANG_ENABLE_OBJC_ARC = YES;
				CLANG_ENABLE_OBJC_WEAK = YES;
				CLANG_WARN_BLOCK_CAPTURE_AUTORELEASING = YES;
				CLANG_WARN_BOOL_CONVERSION = YES;
				CLANG_WARN_COMMA = YES;
				CLANG_WARN_CONSTANT_CONVERSION = YES;
				CLANG_WARN_DEPRECATED_OBJC_IMPLEMENTATIONS = YES;
				CLANG_WARN_DIRECT_OBJC_ISA_USAGE = YES_ERROR;
				CLANG_WARN_DOCUMENTATION_COMMENTS = YES;
				CLANG_WARN_EMPTY_BODY = YES;
				CLANG_WARN_ENUM_CONVERSION = YES;
				CLANG_WARN_INFINITE_RECURSION = YES;
				CLANG_WARN_INT_CONVERSION = YES;
				CLANG_WARN_NON_LITERAL_NULL_CONVERSION = YES;
				CLANG_WARN_OBJC_IMPLICIT_RETAIN_SELF = YES;
				CLANG_WARN_OBJC_LITERAL_CONVERSION = YES;
				CLANG_WARN_OBJC_ROOT_CLASS = YES_ERROR;
				CLANG_WARN_RANGE_LOOP_ANALYSIS = YES;
				CLANG_WARN_STRICT_PROTOTYPES = YES;
				CLANG_WARN_SUSPICIOUS_MOVE = YES;
				CLANG_WARN_UNGUARDED_AVAILABILITY = YES_AGGRESSIVE;
				CLANG_WARN_UNREACHABLE_CODE = YES;
				CLANG_WARN__DUPLICATE_METHOD_MATCH = YES;
				CODE_SIGN_IDENTITY = "iPhone Developer";
				COPY_PHASE_STRIP = NO;
				DEBUG_INFORMATION_FORMAT = "dwarf-with-dsym";
				ENABLE_NS_ASSERTIONS = NO;
				ENABLE_STRICT_OBJC_MSGSEND = YES;
				GCC_C_LANGUAGE_STANDARD = gnu11;
				GCC_NO_COMMON_BLOCKS = YES;
				GCC_WARN_64_TO_32_BIT_CONVERSION = YES;
				GCC_WARN_ABOUT_RETURN_TYPE = YES_ERROR;
				GCC_WARN_UNDECLARED_SELECTOR = YES;
				GCC_WARN_UNINITIALIZED_AUTOS = YES_AGGRESSIVE;
				GCC_WARN_UNUSED_FUNCTION = YES;
				GCC_WARN_UNUSED_VARIABLE = YES;
				IPHONEOS_DEPLOYMENT_TARGET = 10.0;
				MTL_ENABLE_DEBUG_INFO = NO;
				MTL_FAST_MATH = YES;
				SDKROOT = iphoneos;
				SWIFT_COMPILATION_MODE = wholemodule;
				SWIFT_OPTIMIZATION_LEVEL = "-O";
				VALIDATE_PRODUCT = YES;
			};
			name = Release;
		};
		64B796F722A6A0D6001F8BA8 /* Debug */ = {
			isa = XCBuildConfiguration;
			baseConfigurationReference = 8F0E47FC87897E1ECDC636E3 /* Pods-CoreDataPersistence.debug.xcconfig */;
			buildSettings = {
				ASSETCATALOG_COMPILER_APPICON_NAME = AppIcon;
				CODE_SIGN_STYLE = Automatic;
				DEVELOPMENT_TEAM = YHVXQV27R7;
				INFOPLIST_FILE = CoreDataPersistence/Info.plist;
				LD_RUNPATH_SEARCH_PATHS = (
					"$(inherited)",
					"@executable_path/Frameworks",
				);
				PRODUCT_BUNDLE_IDENTIFIER = com.degree53.CoreDataPersistence;
				PRODUCT_NAME = "$(TARGET_NAME)";
				SWIFT_VERSION = 5.0;
				TARGETED_DEVICE_FAMILY = "1,2";
			};
			name = Debug;
		};
		64B796F822A6A0D6001F8BA8 /* Release */ = {
			isa = XCBuildConfiguration;
			baseConfigurationReference = 3507BAA669B5D32D8E60DCCE /* Pods-CoreDataPersistence.release.xcconfig */;
			buildSettings = {
				ASSETCATALOG_COMPILER_APPICON_NAME = AppIcon;
				CODE_SIGN_STYLE = Automatic;
				DEVELOPMENT_TEAM = YHVXQV27R7;
				INFOPLIST_FILE = CoreDataPersistence/Info.plist;
				LD_RUNPATH_SEARCH_PATHS = (
					"$(inherited)",
					"@executable_path/Frameworks",
				);
				PRODUCT_BUNDLE_IDENTIFIER = com.degree53.CoreDataPersistence;
				PRODUCT_NAME = "$(TARGET_NAME)";
				SWIFT_VERSION = 5.0;
				TARGETED_DEVICE_FAMILY = "1,2";
			};
			name = Release;
		};
/* End XCBuildConfiguration section */

/* Begin XCConfigurationList section */
		64B796DC22A6A0D5001F8BA8 /* Build configuration list for PBXProject "CoreDataPersistence" */ = {
			isa = XCConfigurationList;
			buildConfigurations = (
				64B796F422A6A0D6001F8BA8 /* Debug */,
				64B796F522A6A0D6001F8BA8 /* Release */,
			);
			defaultConfigurationIsVisible = 0;
			defaultConfigurationName = Release;
		};
		64B796F622A6A0D6001F8BA8 /* Build configuration list for PBXNativeTarget "CoreDataPersistence" */ = {
			isa = XCConfigurationList;
			buildConfigurations = (
				64B796F722A6A0D6001F8BA8 /* Debug */,
				64B796F822A6A0D6001F8BA8 /* Release */,
			);
			defaultConfigurationIsVisible = 0;
			defaultConfigurationName = Release;
		};
/* End XCConfigurationList section */

/* Begin XCVersionGroup section */
		64B796EB22A6A0D5001F8BA8 /* CoreDataPersistence.xcdatamodeld */ = {
			isa = XCVersionGroup;
			children = (
				64B796EC22A6A0D5001F8BA8 /* CoreDataPersistence.xcdatamodel */,
			);
			currentVersion = 64B796EC22A6A0D5001F8BA8 /* CoreDataPersistence.xcdatamodel */;
			path = CoreDataPersistence.xcdatamodeld;
			sourceTree = "<group>";
			versionGroupType = wrapper.xcdatamodel;
		};
/* End XCVersionGroup section */
	};
	rootObject = 64B796D922A6A0D5001F8BA8 /* Project object */;
}
